
Microsoft Visual Studio Solution File, Format Version 12.00
# Visual Studio Version 17
VisualStudioVersion = 17.5.002.0
MinimumVisualStudioVersion = 10.0.40219.1
Project("{9A19103F-16F7-4668-BE54-9A1E7A4F7556}") = "WatchfulEye.Server", "WatchfulEye.Server.csproj", "{92F644DE-0171-49E3-93DF-60C2046A0122}"
EndProject
Global
	GlobalSection(SolutionConfigurationPlatforms) = preSolution
		Debug|Any CPU = Debug|Any CPU
		Release|Any CPU = Release|Any CPU
	EndGlobalSection
	GlobalSection(ProjectConfigurationPlatforms) = postSolution
		{92F644DE-0171-49E3-93DF-60C2046A0122}.Debug|Any CPU.ActiveCfg = Debug|Any CPU
		{92F644DE-0171-49E3-93DF-60C2046A0122}.Debug|Any CPU.Build.0 = Debug|Any CPU
		{92F644DE-0171-49E3-93DF-60C2046A0122}.Release|Any CPU.ActiveCfg = Release|Any CPU
		{92F644DE-0171-49E3-93DF-60C2046A0122}.Release|Any CPU.Build.0 = Release|Any CPU
	EndGlobalSection
	GlobalSection(SolutionProperties) = preSolution
		HideSolutionNode = FALSE
	EndGlobalSection
	GlobalSection(ExtensibilityGlobals) = postSolution
		SolutionGuid = {8D1B4127-415F-4DEE-9933-29A31C563DB4}
	EndGlobalSection
EndGlobal
